
Microsoft Visual Studio Solution File, Format Version 12.00
# Visual Studio 15
VisualStudioVersion = 15.0.26430.16
MinimumVisualStudioVersion = 10.0.40219.1
Project("{FAE04EC0-301F-11D3-BF4B-00C04F79EFBC}") = "DriverStation", "DriverStation\DriverStation.csproj", "{832E1FA7-3AEA-464E-93E5-93A79591463A}"
EndProject
Project("{FAE04EC0-301F-11D3-BF4B-00C04F79EFBC}") = "XBoxControl", "ConsoleApp1\XBoxControl.csproj", "{765FE4F6-1203-4716-ACDB-779340B00A4F}"
EndProject
Global
	GlobalSection(SolutionConfigurationPlatforms) = preSolution
		Debug|Any CPU = Debug|Any CPU
		Release|Any CPU = Release|Any CPU
	EndGlobalSection
	GlobalSection(ProjectConfigurationPlatforms) = postSolution
		{832E1FA7-3AEA-464E-93E5-93A79591463A}.Debug|Any CPU.ActiveCfg = Debug|Any CPU
		{832E1FA7-3AEA-464E-93E5-93A79591463A}.Debug|Any CPU.Build.0 = Debug|Any CPU
		{832E1FA7-3AEA-464E-93E5-93A79591463A}.Release|Any CPU.ActiveCfg = Release|Any CPU
		{832E1FA7-3AEA-464E-93E5-93A79591463A}.Release|Any CPU.Build.0 = Release|Any CPU
		{765FE4F6-1203-4716-ACDB-779340B00A4F}.Debug|Any CPU.ActiveCfg = Debug|Any CPU
		{765FE4F6-1203-4716-ACDB-779340B00A4F}.Debug|Any CPU.Build.0 = Debug|Any CPU
		{765FE4F6-1203-4716-ACDB-779340B00A4F}.Release|Any CPU.ActiveCfg = Release|Any CPU
		{765FE4F6-1203-4716-ACDB-779340B00A4F}.Release|Any CPU.Build.0 = Release|Any CPU
	EndGlobalSection
	GlobalSection(SolutionProperties) = preSolution
		HideSolutionNode = FALSE
	EndGlobalSection
EndGlobal
